# THIS IS AN AUTOGENERATED FILE. DO NOT EDIT THIS FILE DIRECTLY.
# yarn lockfile v1


"@popperjs/core@^2.0.6":
  version "2.0.6"
  resolved "https://registry.npm.taobao.org/@popperjs/core/download/@popperjs/core-2.0.6.tgz#5a39ac118811ca844155b0ad5190b8c24f35e533"
  integrity sha1-WjmsEYgRyoRBVbCtUZC4wk815TM=

tippy.js@6.0.0:
  version "6.0.0"
  resolved "https://registry.npm.taobao.org/tippy.js/download/tippy.js-6.0.0.tgz#6bc4f477ea82ef344db51ae34f106a8b25f2d02c"
  integrity sha1-a8T0d+qC7zRNtRrjTxBqiyXy0Cw=
  dependencies:
    "@popperjs/core" "^2.0.6"
